
Microsoft Visual Studio Solution File, Format Version 12.00
# Visual Studio Version 17
VisualStudioVersion = 17.0.31903.59
MinimumVisualStudioVersion = 10.0.40219.1
Project("{2150E333-8FDC-42A3-9474-1A3956D46DE8}") = "src", "src", "{C780238D-A0DC-4645-B03B-9EC38DBE8D2F}"
EndProject
Project("{2150E333-8FDC-42A3-9474-1A3956D46DE8}") = "Core", "Core", "{9E4CB98A-797E-47B9-AA4D-A08126CAB1B7}"
EndProject
Project("{2150E333-8FDC-42A3-9474-1A3956D46DE8}") = "Infraestructure", "Infraestructure", "{B42BD71A-EB93-4ADE-A618-102EBE24610E}"
EndProject
Project("{2150E333-8FDC-42A3-9474-1A3956D46DE8}") = "Presentation", "Presentation", "{A8CD0F67-0417-455E-961F-0847FA0585AA}"
EndProject
Project("{FAE04EC0-301F-11D3-BF4B-00C04F79EFBC}") = "Application", "Application\Application.csproj", "{33ECC51C-1977-46C4-90BF-19D4B452D844}"
EndProject
Project("{FAE04EC0-301F-11D3-BF4B-00C04F79EFBC}") = "Domain", "Domain\Domain.csproj", "{F9F62A7C-3DD0-4DCE-9810-325576054BB3}"
EndProject
Project("{FAE04EC0-301F-11D3-BF4B-00C04F79EFBC}") = "Persistence", "Persistence\Persistence.csproj", "{227CC463-9F79-4302-B588-6232B196A27A}"
EndProject
Project("{FAE04EC0-301F-11D3-BF4B-00C04F79EFBC}") = "Shared", "Shared\Shared.csproj", "{DBE1B663-4AC0-4096-971C-3C03CB3531BA}"
EndProject
Project("{FAE04EC0-301F-11D3-BF4B-00C04F79EFBC}") = "WebAPI", "WebAPI\WebAPI.csproj", "{76AE8C63-CC17-4EA2-8953-46897372DE1D}"
EndProject
Global
	GlobalSection(SolutionConfigurationPlatforms) = preSolution
		Debug|Any CPU = Debug|Any CPU
		Release|Any CPU = Release|Any CPU
	EndGlobalSection
	GlobalSection(ProjectConfigurationPlatforms) = postSolution
		{33ECC51C-1977-46C4-90BF-19D4B452D844}.Debug|Any CPU.ActiveCfg = Debug|Any CPU
		{33ECC51C-1977-46C4-90BF-19D4B452D844}.Debug|Any CPU.Build.0 = Debug|Any CPU
		{33ECC51C-1977-46C4-90BF-19D4B452D844}.Release|Any CPU.ActiveCfg = Release|Any CPU
		{33ECC51C-1977-46C4-90BF-19D4B452D844}.Release|Any CPU.Build.0 = Release|Any CPU
		{F9F62A7C-3DD0-4DCE-9810-325576054BB3}.Debug|Any CPU.ActiveCfg = Debug|Any CPU
		{F9F62A7C-3DD0-4DCE-9810-325576054BB3}.Debug|Any CPU.Build.0 = Debug|Any CPU
		{F9F62A7C-3DD0-4DCE-9810-325576054BB3}.Release|Any CPU.ActiveCfg = Release|Any CPU
		{F9F62A7C-3DD0-4DCE-9810-325576054BB3}.Release|Any CPU.Build.0 = Release|Any CPU
		{227CC463-9F79-4302-B588-6232B196A27A}.Debug|Any CPU.ActiveCfg = Debug|Any CPU
		{227CC463-9F79-4302-B588-6232B196A27A}.Debug|Any CPU.Build.0 = Debug|Any CPU
		{227CC463-9F79-4302-B588-6232B196A27A}.Release|Any CPU.ActiveCfg = Release|Any CPU
		{227CC463-9F79-4302-B588-6232B196A27A}.Release|Any CPU.Build.0 = Release|Any CPU
		{DBE1B663-4AC0-4096-971C-3C03CB3531BA}.Debug|Any CPU.ActiveCfg = Debug|Any CPU
		{DBE1B663-4AC0-4096-971C-3C03CB3531BA}.Debug|Any CPU.Build.0 = Debug|Any CPU
		{DBE1B663-4AC0-4096-971C-3C03CB3531BA}.Release|Any CPU.ActiveCfg = Release|Any CPU
		{DBE1B663-4AC0-4096-971C-3C03CB3531BA}.Release|Any CPU.Build.0 = Release|Any CPU
		{76AE8C63-CC17-4EA2-8953-46897372DE1D}.Debug|Any CPU.ActiveCfg = Debug|Any CPU
		{76AE8C63-CC17-4EA2-8953-46897372DE1D}.Debug|Any CPU.Build.0 = Debug|Any CPU
		{76AE8C63-CC17-4EA2-8953-46897372DE1D}.Release|Any CPU.ActiveCfg = Release|Any CPU
		{76AE8C63-CC17-4EA2-8953-46897372DE1D}.Release|Any CPU.Build.0 = Release|Any CPU
	EndGlobalSection
	GlobalSection(SolutionProperties) = preSolution
		HideSolutionNode = FALSE
	EndGlobalSection
	GlobalSection(NestedProjects) = preSolution
		{9E4CB98A-797E-47B9-AA4D-A08126CAB1B7} = {C780238D-A0DC-4645-B03B-9EC38DBE8D2F}
		{B42BD71A-EB93-4ADE-A618-102EBE24610E} = {C780238D-A0DC-4645-B03B-9EC38DBE8D2F}
		{A8CD0F67-0417-455E-961F-0847FA0585AA} = {C780238D-A0DC-4645-B03B-9EC38DBE8D2F}
		{33ECC51C-1977-46C4-90BF-19D4B452D844} = {9E4CB98A-797E-47B9-AA4D-A08126CAB1B7}
		{F9F62A7C-3DD0-4DCE-9810-325576054BB3} = {9E4CB98A-797E-47B9-AA4D-A08126CAB1B7}
		{227CC463-9F79-4302-B588-6232B196A27A} = {B42BD71A-EB93-4ADE-A618-102EBE24610E}
		{DBE1B663-4AC0-4096-971C-3C03CB3531BA} = {B42BD71A-EB93-4ADE-A618-102EBE24610E}
		{76AE8C63-CC17-4EA2-8953-46897372DE1D} = {A8CD0F67-0417-455E-961F-0847FA0585AA}
	EndGlobalSection
	GlobalSection(ExtensibilityGlobals) = postSolution
		SolutionGuid = {F93D4554-AA92-47FF-B31C-DE6EBA318DA9}
	EndGlobalSection
EndGlobal
